{
  "name": "ngx-sample-backend",
  "version": "1.0.0",
  "lockfileVersion": 1,
  "requires": true,
  "dependencies": {
    "accepts": {
      "version": "1.3.4",
      "resolved": "http://registry.npm.taobao.org/accepts/download/accepts-1.3.4.tgz",
      "integrity": "sha1-hiRnWMfdbSGmR0/whKR0DsBesh8=",
      "requires": {
        "mime-types": "2.1.17",
        "negotiator": "0.6.1"
      }
    },
    "append-field": {
      "version": "0.1.0",
      "resolved": "http://registry.npm.taobao.org/append-field/download/append-field-0.1.0.tgz",
      "integrity": "sha1-bdxY+gg8e8VF08WZWygwzCNm1Eo="
    },
    "argparse": {
      "version": "1.0.9",
      "resolved": "http://registry.npm.taobao.org/argparse/download/argparse-1.0.9.tgz",
      "integrity": "sha1-c9g7wmP4bpf4zE9rrhsOkKfSLIY=",
      "requires": {
        "sprintf-js": "1.0.3"
      }
    },
    "array-flatten": {
      "version": "1.1.1",
      "resolved": "http://registry.npm.taobao.org/array-flatten/download/array-flatten-1.1.1.tgz",
      "integrity": "sha1-ml9pkFGx5wczKPKgCJaLZOopVdI="
    },
    "async": {
      "version": "1.5.2",
      "resolved": "http://registry.npm.taobao.org/async/download/async-1.5.2.tgz",
      "integrity": "sha1-7GphrlZIDAw8skHJVhjiCJL5Zyo="
    },
    "asynckit": {
      "version": "0.4.0",
      "resolved": "http://registry.npm.taobao.org/asynckit/download/asynckit-0.4.0.tgz",
      "integrity": "sha1-x57Zf380y48robyXkLzDZkdLS3k="
    },
    "base64url": {
      "version": "2.0.0",
      "resolved": "http://registry.npm.taobao.org/base64url/download/base64url-2.0.0.tgz",
      "integrity": "sha1-6sFuA+oUOO/5Qj1puqNiYu0fcLs="
    },
    "body-parser": {
      "version": "1.18.2",
      "resolved": "http://registry.npm.taobao.org/body-parser/download/body-parser-1.18.2.tgz",
      "integrity": "sha1-h2eKGdhLR9hZuDGZvVm84iKxBFQ=",
      "requires": {
        "bytes": "3.0.0",
        "content-type": "1.0.4",
        "debug": "2.6.9",
        "depd": "1.1.1",
        "http-errors": "1.6.2",
        "iconv-lite": "0.4.19",
        "on-finished": "2.3.0",
        "qs": "6.5.1",
        "raw-body": "2.3.2",
        "type-is": "1.6.15"
      }
    },
    "buffer-equal-constant-time": {
      "version": "1.0.1",
      "resolved": "http://registry.npm.taobao.org/buffer-equal-constant-time/download/buffer-equal-constant-time-1.0.1.tgz",
      "integrity": "sha1-+OcRMvf/5uAaXJaXpMbz5I1cyBk="
    },
    "busboy": {
      "version": "0.2.14",
      "resolved": "http://registry.npm.taobao.org/busboy/download/busboy-0.2.14.tgz",
      "integrity": "sha1-bCpiLvz0fFe7vh4qnDetNseSVFM=",
      "requires": {
        "dicer": "0.2.5",
        "readable-stream": "1.1.14"
      },
      "dependencies": {
        "isarray": {
          "version": "0.0.1",
          "resolved": "http://registry.npm.taobao.org/isarray/download/isarray-0.0.1.tgz",
          "integrity": "sha1-ihis/Kmo9Bd+Cav8YDiTmwXR7t8="
        },
        "readable-stream": {
          "version": "1.1.14",
          "resolved": "http://registry.npm.taobao.org/readable-stream/download/readable-stream-1.1.14.tgz",
          "integrity": "sha1-fPTFTvZI44EwhMY23SB54WbAgdk=",
          "requires": {
            "core-util-is": "1.0.2",
            "inherits": "2.0.3",
            "isarray": "0.0.1",
            "string_decoder": "0.10.31"
          }
        },
        "string_decoder": {
          "version": "0.10.31",
          "resolved": "http://registry.npm.taobao.org/string_decoder/download/string_decoder-0.10.31.tgz",
          "integrity": "sha1-YuIDvEF2bGwoyfyEMB2rHFMQ+pQ="
        }
      }
    },
    "bytes": {
      "version": "3.0.0",
      "resolved": "http://registry.npm.taobao.org/bytes/download/bytes-3.0.0.tgz",
      "integrity": "sha1-0ygVQE1olpn4Wk6k+odV3ROpYEg="
    },
    "combined-stream": {
      "version": "1.0.5",
      "resolved": "http://registry.npm.taobao.org/combined-stream/download/combined-stream-1.0.5.tgz",
      "integrity": "sha1-k4NwpXtKUd6ix3wV1cX9+JUWQAk=",
      "requires": {
        "delayed-stream": "1.0.0"
      }
    },
    "commander": {
      "version": "2.12.2",
      "resolved": "http://registry.npm.taobao.org/commander/download/commander-2.12.2.tgz",
      "integrity": "sha1-D1lGxCftnsDZGka7ne9T5UZQ5VU="
    },
    "component-emitter": {
      "version": "1.2.1",
      "resolved": "http://registry.npm.taobao.org/component-emitter/download/component-emitter-1.2.1.tgz",
      "integrity": "sha1-E3kY1teCg/ffemt8WmPhQOaUJeY="
    },
    "concat-stream": {
      "version": "1.6.0",
      "resolved": "http://registry.npm.taobao.org/concat-stream/download/concat-stream-1.6.0.tgz",
      "integrity": "sha1-CqxmL9Ur54lk1VMvaUeE5wEQrPc=",
      "requires": {
        "inherits": "2.0.3",
        "readable-stream": "2.3.3",
        "typedarray": "0.0.6"
      }
    },
    "connect": {
      "version": "3.6.5",
      "resolved": "http://registry.npm.taobao.org/connect/download/connect-3.6.5.tgz",
      "integrity": "sha1-+43ee6B2OHfQ7J352sC0tA5yx9o=",
      "requires": {
        "debug": "2.6.9",
        "finalhandler": "1.0.6",
        "parseurl": "1.3.2",
        "utils-merge": "1.0.1"
      },
      "dependencies": {
        "finalhandler": {
          "version": "1.0.6",
          "resolved": "http://registry.npm.taobao.org/finalhandler/download/finalhandler-1.0.6.tgz",
          "integrity": "sha1-AHrqM9Gk0+QgF/YkhIrVjSEvgU8=",
          "requires": {
            "debug": "2.6.9",
            "encodeurl": "1.0.1",
            "escape-html": "1.0.3",
            "on-finished": "2.3.0",
            "parseurl": "1.3.2",
            "statuses": "1.3.1",
            "unpipe": "1.0.0"
          }
        },
        "statuses": {
          "version": "1.3.1",
          "resolved": "http://registry.npm.taobao.org/statuses/download/statuses-1.3.1.tgz",
          "integrity": "sha1-+vUbnrdKrvOzrPStX2Gr8ky3uT4="
        }
      }
    },
    "content-disposition": {
      "version": "0.5.2",
      "resolved": "http://registry.npm.taobao.org/content-disposition/download/content-disposition-0.5.2.tgz",
      "integrity": "sha1-DPaLud318r55YcOoUXjLhdunjLQ="
    },
    "content-type": {
      "version": "1.0.4",
      "resolved": "http://registry.npm.taobao.org/content-type/download/content-type-1.0.4.tgz",
      "integrity": "sha1-4TjMdeBAxyexlm/l5fjJruJW/js="
    },
    "cookie": {
      "version": "0.3.1",
      "resolved": "http://registry.npm.taobao.org/cookie/download/cookie-0.3.1.tgz",
      "integrity": "sha1-5+Ch+e9DtMi6klxcWpboBtFoc7s="
    },
    "cookie-signature": {
      "version": "1.0.6",
      "resolved": "http://registry.npm.taobao.org/cookie-signature/download/cookie-signature-1.0.6.tgz",
      "integrity": "sha1-4wOogrNCzD7oylE6eZmXNNqzriw="
    },
    "cookiejar": {
      "version": "2.1.1",
      "resolved": "http://registry.npm.taobao.org/cookiejar/download/cookiejar-2.1.1.tgz",
      "integrity": "sha1-Qa1XsbVVlR7BcUEqgZQrHoIA00o="
    },
    "core-util-is": {
      "version": "1.0.2",
      "resolved": "http://registry.npm.taobao.org/core-util-is/download/core-util-is-1.0.2.tgz",
      "integrity": "sha1-tf1UIgqivFq1eqtxQMlAdUUDwac="
    },
    "debug": {
      "version": "2.6.9",
      "resolved": "http://registry.npm.taobao.org/debug/download/debug-2.6.9.tgz",
      "integrity": "sha1-XRKFFd8TT/Mn6QpMk/Tgd6U2NB8=",
      "requires": {
        "ms": "2.0.0"
      }
    },
    "delayed-stream": {
      "version": "1.0.0",
      "resolved": "http://registry.npm.taobao.org/delayed-stream/download/delayed-stream-1.0.0.tgz",
      "integrity": "sha1-3zrhmayt+31ECqrgsp4icrJOxhk="
    },
    "depd": {
      "version": "1.1.1",
      "resolved": "http://registry.npm.taobao.org/depd/download/depd-1.1.1.tgz",
      "integrity": "sha1-V4O04cRZ8G+lyif5kfPQbnoxA1k="
    },
    "destroy": {
      "version": "1.0.4",
      "resolved": "http://registry.npm.taobao.org/destroy/download/destroy-1.0.4.tgz",
      "integrity": "sha1-l4hXRCxEdJ5CBmE+N5RiBYJqvYA="
    },
    "dicer": {
      "version": "0.2.5",
      "resolved": "http://registry.npm.taobao.org/dicer/download/dicer-0.2.5.tgz",
      "integrity": "sha1-WZbAhrszIYyBLAkL3cCc0S+stw8=",
      "requires": {
        "readable-stream": "1.1.14",
        "streamsearch": "0.1.2"
      },
      "dependencies": {
        "isarray": {
          "version": "0.0.1",
          "resolved": "http://registry.npm.taobao.org/isarray/download/isarray-0.0.1.tgz",
          "integrity": "sha1-ihis/Kmo9Bd+Cav8YDiTmwXR7t8="
        },
        "readable-stream": {
          "version": "1.1.14",
          "resolved": "http://registry.npm.taobao.org/readable-stream/download/readable-stream-1.1.14.tgz",
          "integrity": "sha1-fPTFTvZI44EwhMY23SB54WbAgdk=",
          "requires": {
            "core-util-is": "1.0.2",
            "inherits": "2.0.3",
            "isarray": "0.0.1",
            "string_decoder": "0.10.31"
          }
        },
        "string_decoder": {
          "version": "0.10.31",
          "resolved": "http://registry.npm.taobao.org/string_decoder/download/string_decoder-0.10.31.tgz",
          "integrity": "sha1-YuIDvEF2bGwoyfyEMB2rHFMQ+pQ="
        }
      }
    },
    "ecdsa-sig-formatter": {
      "version": "1.0.9",
      "resolved": "http://registry.npm.taobao.org/ecdsa-sig-formatter/download/ecdsa-sig-formatter-1.0.9.tgz",
      "integrity": "sha1-S8kmJ07Dtau1AW5+HWCSGsJisqE=",
      "requires": {
        "base64url": "2.0.0",
        "safe-buffer": "5.1.1"
      }
    },
    "ee-first": {
      "version": "1.1.1",
      "resolved": "http://registry.npm.taobao.org/ee-first/download/ee-first-1.1.1.tgz",
      "integrity": "sha1-WQxhFWsK4vTwJVcyoViyZrxWsh0="
    },
    "encodeurl": {
      "version": "1.0.1",
      "resolved": "http://registry.npm.taobao.org/encodeurl/download/encodeurl-1.0.1.tgz",
      "integrity": "sha1-eePVhlU0aQn+bw9Fpd5oEDspTSA="
    },
    "escape-html": {
      "version": "1.0.3",
      "resolved": "http://registry.npm.taobao.org/escape-html/download/escape-html-1.0.3.tgz",
      "integrity": "sha1-Aljq5NPQwJdN4cFpGI7wBR0dGYg="
    },
    "esprima": {
      "version": "4.0.0",
      "resolved": "http://registry.npm.taobao.org/esprima/download/esprima-4.0.0.tgz",
      "integrity": "sha1-RJnt3NERDgshi6zy+n9/WfVcqAQ="
    },
    "etag": {
      "version": "1.8.1",
      "resolved": "http://registry.npm.taobao.org/etag/download/etag-1.8.1.tgz",
      "integrity": "sha1-Qa4u62XvpiJorr/qg6x9eSmbCIc="
    },
    "express": {
      "version": "4.16.2",
      "resolved": "http://registry.npm.taobao.org/express/download/express-4.16.2.tgz",
      "integrity": "sha1-41xt/i1kt9ygpc1PIXgb4ymeB2w=",
      "requires": {
        "accepts": "1.3.4",
        "array-flatten": "1.1.1",
        "body-parser": "1.18.2",
        "content-disposition": "0.5.2",
        "content-type": "1.0.4",
        "cookie": "0.3.1",
        "cookie-signature": "1.0.6",
        "debug": "2.6.9",
        "depd": "1.1.1",
        "encodeurl": "1.0.1",
        "escape-html": "1.0.3",
        "etag": "1.8.1",
        "finalhandler": "1.1.0",
        "fresh": "0.5.2",
        "merge-descriptors": "1.0.1",
        "methods": "1.1.2",
        "on-finished": "2.3.0",
        "parseurl": "1.3.2",
        "path-to-regexp": "0.1.7",
        "proxy-addr": "2.0.2",
        "qs": "6.5.1",
        "range-parser": "1.2.0",
        "safe-buffer": "5.1.1",
        "send": "0.16.1",
        "serve-static": "1.13.1",
        "setprototypeof": "1.1.0",
        "statuses": "1.3.1",
        "type-is": "1.6.15",
        "utils-merge": "1.0.1",
        "vary": "1.1.2"
      },
      "dependencies": {
        "setprototypeof": {
          "version": "1.1.0",
          "resolved": "http://registry.npm.taobao.org/setprototypeof/download/setprototypeof-1.1.0.tgz",
          "integrity": "sha1-0L2FU2iHtv58DYGMuWLZ2RxU5lY="
        },
        "statuses": {
          "version": "1.3.1",
          "resolved": "http://registry.npm.taobao.org/statuses/download/statuses-1.3.1.tgz",
          "integrity": "sha1-+vUbnrdKrvOzrPStX2Gr8ky3uT4="
        }
      }
    },
    "extend": {
      "version": "3.0.1",
      "resolved": "http://registry.npm.taobao.org/extend/download/extend-3.0.1.tgz",
      "integrity": "sha1-p1Xqe8Gt/MWjHOfnYtuq3F5jZEQ="
    },
    "finalhandler": {
      "version": "1.1.0",
      "resolved": "http://registry.npm.taobao.org/finalhandler/download/finalhandler-1.1.0.tgz",
      "integrity": "sha1-zgtoVbRYU+eRsvzGgARtiCU91/U=",
      "requires": {
        "debug": "2.6.9",
        "encodeurl": "1.0.1",
        "escape-html": "1.0.3",
        "on-finished": "2.3.0",
        "parseurl": "1.3.2",
        "statuses": "1.3.1",
        "unpipe": "1.0.0"
      },
      "dependencies": {
        "statuses": {
          "version": "1.3.1",
          "resolved": "http://registry.npm.taobao.org/statuses/download/statuses-1.3.1.tgz",
          "integrity": "sha1-+vUbnrdKrvOzrPStX2Gr8ky3uT4="
        }
      }
    },
    "form-data": {
      "version": "2.3.1",
      "resolved": "http://registry.npm.taobao.org/form-data/download/form-data-2.3.1.tgz",
      "integrity": "sha1-b7lPvXGIUwbXPRXMSX/kzE7NRL8=",
      "requires": {
        "asynckit": "0.4.0",
        "combined-stream": "1.0.5",
        "mime-types": "2.1.17"
      }
    },
    "formidable": {
      "version": "1.1.1",
      "resolved": "http://registry.npm.taobao.org/formidable/download/formidable-1.1.1.tgz",
      "integrity": "sha1-lriIb3w8NQi5Mta9cMTTqI818ak="
    },
    "forwarded": {
      "version": "0.1.2",
      "resolved": "http://registry.npm.taobao.org/forwarded/download/forwarded-0.1.2.tgz",
      "integrity": "sha1-mMI9qxF1ZXuMBXPozszZGw/xjIQ="
    },
    "fresh": {
      "version": "0.5.2",
      "resolved": "http://registry.npm.taobao.org/fresh/download/fresh-0.5.2.tgz",
      "integrity": "sha1-PYyt2Q2XZWn6g1qx+OSyOhBWBac="
    },
    "graphlib": {
      "version": "2.1.5",
      "resolved": "http://registry.npm.taobao.org/graphlib/download/graphlib-2.1.5.tgz",
      "integrity": "sha1-av4a/MUUhVXseZ5JkFZ5W9aTjIc=",
      "requires": {
        "lodash": "4.17.4"
      }
    },
    "hoek": {
      "version": "2.16.3",
      "resolved": "http://registry.npm.taobao.org/hoek/download/hoek-2.16.3.tgz",
      "integrity": "sha1-ILt0A9POo5jpHcRxCo/xuCdKJe0="
    },
    "http-errors": {
      "version": "1.6.2",
      "resolved": "http://registry.npm.taobao.org/http-errors/download/http-errors-1.6.2.tgz",
      "integrity": "sha1-CgAsyFcHGSp+eUbO7cERVfYOxzY=",
      "requires": {
        "depd": "1.1.1",
        "inherits": "2.0.3",
        "setprototypeof": "1.0.3",
        "statuses": "1.4.0"
      }
    },
    "iconv-lite": {
      "version": "0.4.19",
      "resolved": "http://registry.npm.taobao.org/iconv-lite/download/iconv-lite-0.4.19.tgz",
      "integrity": "sha1-90aPYBNfXl2tM5nAqBvpoWA6CCs="
    },
    "inherits": {
      "version": "2.0.3",
      "resolved": "http://registry.npm.taobao.org/inherits/download/inherits-2.0.3.tgz",
      "integrity": "sha1-Yzwsg+PaQqUC9SRmAiSA9CCCYd4="
    },
    "ipaddr.js": {
      "version": "1.5.2",
      "resolved": "http://registry.npm.taobao.org/ipaddr.js/download/ipaddr.js-1.5.2.tgz",
      "integrity": "sha1-1LUFvemUaYfM8PxY2QEP+WB+P6A="
    },
    "isarray": {
      "version": "1.0.0",
      "resolved": "http://registry.npm.taobao.org/isarray/download/isarray-1.0.0.tgz",
      "integrity": "sha1-u5NdSFgsuhaMBoNJV6VKPgcSTxE="
    },
    "isemail": {
      "version": "1.2.0",
      "resolved": "http://registry.npm.taobao.org/isemail/download/isemail-1.2.0.tgz",
      "integrity": "sha1-vgPfjMPineTSxd9lASY/H6RZXpo="
    },
    "joi": {
      "version": "6.10.1",
      "resolved": "http://registry.npm.taobao.org/joi/download/joi-6.10.1.tgz",
      "integrity": "sha1-TVDDGAeRIgAP5fFq8f+OGRe3fgY=",
      "requires": {
        "hoek": "2.16.3",
        "isemail": "1.2.0",
        "moment": "2.20.1",
        "topo": "1.1.0"
      }
    },
    "js-yaml": {
      "version": "3.10.0",
      "resolved": "http://registry.npm.taobao.org/js-yaml/download/js-yaml-3.10.0.tgz",
      "integrity": "sha1-LnhEFka9RoLpY/IrbpKCPDCcYtw=",
      "requires": {
        "argparse": "1.0.9",
        "esprima": "4.0.0"
      }
    },
    "json-refs": {
      "version": "2.1.7",
      "resolved": "http://registry.npm.taobao.org/json-refs/download/json-refs-2.1.7.tgz",
      "integrity": "sha1-uesB/in16j6Sh48VrqEK04taz4k=",
      "requires": {
        "commander": "2.12.2",
        "graphlib": "2.1.5",
        "js-yaml": "3.10.0",
        "native-promise-only": "0.8.1",
        "path-loader": "1.0.4",
        "slash": "1.0.0",
        "uri-js": "3.0.2"
      }
    },
    "jsonwebtoken": {
      "version": "7.4.3",
      "resolved": "http://registry.npm.taobao.org/jsonwebtoken/download/jsonwebtoken-7.4.3.tgz",
      "integrity": "sha1-d/UCHeBYtgWheD+hKD6ZgS5kVjg=",
      "requires": {
        "joi": "6.10.1",
        "jws": "3.1.4",
        "lodash.once": "4.1.1",
        "ms": "2.0.0",
        "xtend": "4.0.1"
      }
    },
    "jwa": {
      "version": "1.1.5",
      "resolved": "http://registry.npm.taobao.org/jwa/download/jwa-1.1.5.tgz",
      "integrity": "sha1-oFUs4CIHQs1S4VN3SjKQXDDnVuU=",
      "requires": {
        "base64url": "2.0.0",
        "buffer-equal-constant-time": "1.0.1",
        "ecdsa-sig-formatter": "1.0.9",
        "safe-buffer": "5.1.1"
      }
    },
    "jws": {
      "version": "3.1.4",
      "resolved": "http://registry.npm.taobao.org/jws/download/jws-3.1.4.tgz",
      "integrity": "sha1-+ei5M46KhHJ31kRLFGT2GIDgUKI=",
      "requires": {
        "base64url": "2.0.0",
        "jwa": "1.1.5",
        "safe-buffer": "5.1.1"
      }
    },
    "jwt-simple": {
      "version": "0.5.1",
      "resolved": "http://registry.npm.taobao.org/jwt-simple/download/jwt-simple-0.5.1.tgz",
      "integrity": "sha1-eeoBiRth3mto4T5nwLS1vak3spQ="
    },
    "lodash": {
      "version": "4.17.4",
      "resolved": "http://registry.npm.taobao.org/lodash/download/lodash-4.17.4.tgz",
      "integrity": "sha1-eCA6TRwyiuHYbcpkYONptX9AVa4="
    },
    "lodash-compat": {
      "version": "3.10.2",
      "resolved": "http://registry.npm.taobao.org/lodash-compat/download/lodash-compat-3.10.2.tgz",
      "integrity": "sha1-xpQBKKnTD46QLNLPmf0Muk7PwYM="
    },
    "lodash._arraypool": {
      "version": "2.4.1",
      "resolved": "http://registry.npm.taobao.org/lodash._arraypool/download/lodash._arraypool-2.4.1.tgz",
      "integrity": "sha1-6I7suS4ruEyQZWEv2VigcZzUf5Q="
    },
    "lodash._basebind": {
      "version": "2.4.1",
      "resolved": "http://registry.npm.taobao.org/lodash._basebind/download/lodash._basebind-2.4.1.tgz",
      "integrity": "sha1-6UC5690nwyfgqNqxtVkWxTQelXU=",
      "requires": {
        "lodash._basecreate": "2.4.1",
        "lodash._setbinddata": "2.4.1",
        "lodash._slice": "2.4.1",
        "lodash.isobject": "2.4.1"
      }
    },
    "lodash._baseclone": {
      "version": "2.4.1",
      "resolved": "http://registry.npm.taobao.org/lodash._baseclone/download/lodash._baseclone-2.4.1.tgz",
      "integrity": "sha1-MPgj5X4X43NdODvWK2Czh1Q7QYY=",
      "requires": {
        "lodash._getarray": "2.4.1",
        "lodash._releasearray": "2.4.1",
        "lodash._slice": "2.4.1",
        "lodash.assign": "2.4.1",
        "lodash.foreach": "2.4.1",
        "lodash.forown": "2.4.1",
        "lodash.isarray": "2.4.1",
        "lodash.isobject": "2.4.1"
      }
    },
    "lodash._basecreate": {
      "version": "2.4.1",
      "resolved": "http://registry.npm.taobao.org/lodash._basecreate/download/lodash._basecreate-2.4.1.tgz",
      "integrity": "sha1-+Ob1tXip405UEXm1a47uv0oofgg=",
      "requires": {
        "lodash._isnative": "2.4.1",
        "lodash.isobject": "2.4.1",
        "lodash.noop": "2.4.1"
      }
    },
    "lodash._basecreatecallback": {
      "version": "2.4.1",
      "resolved": "http://registry.npm.taobao.org/lodash._basecreatecallback/download/lodash._basecreatecallback-2.4.1.tgz",
      "integrity": "sha1-fQsmdknLKeehOdAQO3wR+uhOSFE=",
      "requires": {
        "lodash._setbinddata": "2.4.1",
        "lodash.bind": "2.4.1",
        "lodash.identity": "2.4.1",
        "lodash.support": "2.4.1"
      }
    },
    "lodash._basecreatewrapper": {
      "version": "2.4.1",
      "resolved": "http://registry.npm.taobao.org/lodash._basecreatewrapper/download/lodash._basecreatewrapper-2.4.1.tgz",
      "integrity": "sha1-TTHy595+E0+/KAN2K4FQsyUZZm8=",
      "requires": {
        "lodash._basecreate": "2.4.1",
        "lodash._setbinddata": "2.4.1",
        "lodash._slice": "2.4.1",
        "lodash.isobject": "2.4.1"
      }
    },
    "lodash._createwrapper": {
      "version": "2.4.1",
      "resolved": "http://registry.npm.taobao.org/lodash._createwrapper/download/lodash._createwrapper-2.4.1.tgz",
      "integrity": "sha1-UdaVeXPaTtVW43KQ2MGhjFPeFgc=",
      "requires": {
        "lodash._basebind": "2.4.1",
        "lodash._basecreatewrapper": "2.4.1",
        "lodash._slice": "2.4.1",
        "lodash.isfunction": "2.4.1"
      }
    },
    "lodash._getarray": {
      "version": "2.4.1",
      "resolved": "http://registry.npm.taobao.org/lodash._getarray/download/lodash._getarray-2.4.1.tgz",
      "integrity": "sha1-+vH3+BD6mFolHCGHQESBCUg55e4=",
      "requires": {
        "lodash._arraypool": "2.4.1"
      }
    },
    "lodash._isnative": {
      "version": "2.4.1",
      "resolved": "http://registry.npm.taobao.org/lodash._isnative/download/lodash._isnative-2.4.1.tgz",
      "integrity": "sha1-PqZAS3hKe+g2x7V1gOHN95sUgyw="
    },
    "lodash._maxpoolsize": {
      "version": "2.4.1",
      "resolved": "http://registry.npm.taobao.org/lodash._maxpoolsize/download/lodash._maxpoolsize-2.4.1.tgz",
      "integrity": "sha1-nUgvRjuOZq++WcLBTtsRcGAXIzQ="
    },
    "lodash._objecttypes": {
      "version": "2.4.1",
      "resolved": "http://registry.npm.taobao.org/lodash._objecttypes/download/lodash._objecttypes-2.4.1.tgz",
      "integrity": "sha1-fAt/admKH3ZSn4kLDNsbTf7BHBE="
    },
    "lodash._releasearray": {
      "version": "2.4.1",
      "resolved": "http://registry.npm.taobao.org/lodash._releasearray/download/lodash._releasearray-2.4.1.tgz",
      "integrity": "sha1-phOWMNdtFTawfdyAliiJsIL2pkE=",
      "requires": {
        "lodash._arraypool": "2.4.1",
        "lodash._maxpoolsize": "2.4.1"
      }
    },
    "lodash._setbinddata": {
      "version": "2.4.1",
      "resolved": "http://registry.npm.taobao.org/lodash._setbinddata/download/lodash._setbinddata-2.4.1.tgz",
      "integrity": "sha1-98IAzRuS7yNrOZ7s9zxkjReqlNI=",
      "requires": {
        "lodash._isnative": "2.4.1",
        "lodash.noop": "2.4.1"
      }
    },
    "lodash._shimkeys": {
      "version": "2.4.1",
      "resolved": "http://registry.npm.taobao.org/lodash._shimkeys/download/lodash._shimkeys-2.4.1.tgz",
      "integrity": "sha1-bpzJZm/wgfC1psl4uD4kLmlJ0gM=",
      "requires": {
        "lodash._objecttypes": "2.4.1"
      }
    },
    "lodash._slice": {
      "version": "2.4.1",
      "resolved": "http://registry.npm.taobao.org/lodash._slice/download/lodash._slice-2.4.1.tgz",
      "integrity": "sha1-dFz0GlNZexj2iImFREBe+isG2Q8="
    },
    "lodash.assign": {
      "version": "2.4.1",
      "resolved": "http://registry.npm.taobao.org/lodash.assign/download/lodash.assign-2.4.1.tgz",
      "integrity": "sha1-hMOVlt1xGBqXsGUpE6fJZ15Jsao=",
      "requires": {
        "lodash._basecreatecallback": "2.4.1",
        "lodash._objecttypes": "2.4.1",
        "lodash.keys": "2.4.1"
      }
    },
    "lodash.bind": {
      "version": "2.4.1",
      "resolved": "http://registry.npm.taobao.org/lodash.bind/download/lodash.bind-2.4.1.tgz",
      "integrity": "sha1-XRn6AFyMTSNvr0dCx7eh/Kvikmc=",
      "requires": {
        "lodash._createwrapper": "2.4.1",
        "lodash._slice": "2.4.1"
      }
    },
    "lodash.clonedeep": {
      "version": "2.4.1",
      "resolved": "http://registry.npm.taobao.org/lodash.clonedeep/download/lodash.clonedeep-2.4.1.tgz",
      "integrity": "sha1-8pIDtAsS/uCkXTYxZIJZvrq8eGg=",
      "requires": {
        "lodash._baseclone": "2.4.1",
        "lodash._basecreatecallback": "2.4.1"
      }
    },
    "lodash.foreach": {
      "version": "2.4.1",
      "resolved": "http://registry.npm.taobao.org/lodash.foreach/download/lodash.foreach-2.4.1.tgz",
      "integrity": "sha1-/j/Do0yGyUyrb5UiVgKCdB4BYwk=",
      "requires": {
        "lodash._basecreatecallback": "2.4.1",
        "lodash.forown": "2.4.1"
      }
    },
    "lodash.forown": {
      "version": "2.4.1",
      "resolved": "http://registry.npm.taobao.org/lodash.forown/download/lodash.forown-2.4.1.tgz",
      "integrity": "sha1-eLQer+FAX6lmRZ6kGT/VAtCEUks=",
      "requires": {
        "lodash._basecreatecallback": "2.4.1",
        "lodash._objecttypes": "2.4.1",
        "lodash.keys": "2.4.1"
      }
    },
    "lodash.get": {
      "version": "4.4.2",
      "resolved": "http://registry.npm.taobao.org/lodash.get/download/lodash.get-4.4.2.tgz",
      "integrity": "sha1-LRd/ZS+jHpObRDjVNBSZ36OCXpk="
    },
    "lodash.identity": {
      "version": "2.4.1",
      "resolved": "http://registry.npm.taobao.org/lodash.identity/download/lodash.identity-2.4.1.tgz",
      "integrity": "sha1-ZpTP+mX++TH3wxzobHRZfPVg9PE="
    },
    "lodash.isarray": {
      "version": "2.4.1",
      "resolved": "http://registry.npm.taobao.org/lodash.isarray/download/lodash.isarray-2.4.1.tgz",
      "integrity": "sha1-tSoybB9i9tfac6MdVAHfbvRPD6E=",
      "requires": {
        "lodash._isnative": "2.4.1"
      }
    },
    "lodash.isequal": {
      "version": "4.5.0",
      "resolved": "http://registry.npm.taobao.org/lodash.isequal/download/lodash.isequal-4.5.0.tgz",
      "integrity": "sha1-QVxEePK8wwEgwizhDtMib30+GOA="
    },
    "lodash.isfunction": {
      "version": "2.4.1",
      "resolved": "http://registry.npm.taobao.org/lodash.isfunction/download/lodash.isfunction-2.4.1.tgz",
      "integrity": "sha1-LP1XXHPkmKtX4xm3f6Aq3vE6lNE="
    },
    "lodash.isobject": {
      "version": "2.4.1",
      "resolved": "http://registry.npm.taobao.org/lodash.isobject/download/lodash.isobject-2.4.1.tgz",
      "integrity": "sha1-Wi5H/mmVPx7mMafrof5k0tBlWPU=",
      "requires": {
        "lodash._objecttypes": "2.4.1"
      }
    },
    "lodash.keys": {
      "version": "2.4.1",
      "resolved": "http://registry.npm.taobao.org/lodash.keys/download/lodash.keys-2.4.1.tgz",
      "integrity": "sha1-SN6kbfj/djKxDXBrissmWR4rNyc=",
      "requires": {
        "lodash._isnative": "2.4.1",
        "lodash._shimkeys": "2.4.1",
        "lodash.isobject": "2.4.1"
      }
    },
    "lodash.noop": {
      "version": "2.4.1",
      "resolved": "http://registry.npm.taobao.org/lodash.noop/download/lodash.noop-2.4.1.tgz",
      "integrity": "sha1-T7VPgWZS5a4Q6PcvcXo4jHMmU4o="
    },
    "lodash.once": {
      "version": "4.1.1",
      "resolved": "http://registry.npm.taobao.org/lodash.once/download/lodash.once-4.1.1.tgz",
      "integrity": "sha1-DdOXEhPHxW34gJd9UEyI+0cal6w="
    },
    "lodash.support": {
      "version": "2.4.1",
      "resolved": "http://registry.npm.taobao.org/lodash.support/download/lodash.support-2.4.1.tgz",
      "integrity": "sha1-Mg4LZwMWc8KNeiu12eAzGkUkBRU=",
      "requires": {
        "lodash._isnative": "2.4.1"
      }
    },
    "media-typer": {
      "version": "0.3.0",
      "resolved": "http://registry.npm.taobao.org/media-typer/download/media-typer-0.3.0.tgz",
      "integrity": "sha1-hxDXrwqmJvj/+hzgAWhUUmMlV0g="
    },
    "merge-descriptors": {
      "version": "1.0.1",
      "resolved": "http://registry.npm.taobao.org/merge-descriptors/download/merge-descriptors-1.0.1.tgz",
      "integrity": "sha1-sAqqVW3YtEVoFQ7J0blT8/kMu2E="
    },
    "methods": {
      "version": "1.1.2",
      "resolved": "http://registry.npm.taobao.org/methods/download/methods-1.1.2.tgz",
      "integrity": "sha1-VSmk1nZUE07cxSZmVoNbD4Ua/O4="
    },
    "mime": {
      "version": "1.4.1",
      "resolved": "http://registry.npm.taobao.org/mime/download/mime-1.4.1.tgz",
      "integrity": "sha1-Eh+evEnjdm8xGnbh+hyAA8SwOqY="
    },
    "mime-db": {
      "version": "1.30.0",
      "resolved": "http://registry.npm.taobao.org/mime-db/download/mime-db-1.30.0.tgz",
      "integrity": "sha1-dMZD2i3Z1qRTmZY0ZbJtXKfXHwE="
    },
    "mime-types": {
      "version": "2.1.17",
      "resolved": "http://registry.npm.taobao.org/mime-types/download/mime-types-2.1.17.tgz",
      "integrity": "sha1-Cdejk/A+mVp5+K+Fe3Cp4KsWVXo=",
      "requires": {
        "mime-db": "1.30.0"
      }
    },
    "minimist": {
      "version": "0.0.8",
      "resolved": "http://registry.npm.taobao.org/minimist/download/minimist-0.0.8.tgz",
      "integrity": "sha1-hX/Kv8M5fSYluCKCYuhqp6ARsF0="
    },
    "mkdirp": {
      "version": "0.5.1",
      "resolved": "http://registry.npm.taobao.org/mkdirp/download/mkdirp-0.5.1.tgz",
      "integrity": "sha1-MAV0OOrGz3+MR2fzhkjWaX11yQM=",
      "requires": {
        "minimist": "0.0.8"
      }
    },
    "moment": {
      "version": "2.20.1",
      "resolved": "http://registry.npm.taobao.org/moment/download/moment-2.20.1.tgz",
      "integrity": "sha1-1usaRsvMFKKy+UNBEsH/iQfzE/0="
    },
    "ms": {
      "version": "2.0.0",
      "resolved": "http://registry.npm.taobao.org/ms/download/ms-2.0.0.tgz",
      "integrity": "sha1-VgiurfwAvmwpAd9fmGF4jeDVl8g="
    },
    "multer": {
      "version": "1.3.0",
      "resolved": "http://registry.npm.taobao.org/multer/download/multer-1.3.0.tgz",
      "integrity": "sha1-CSsmcPaEb6SRSWXvyM+Uwg/sbNI=",
      "requires": {
        "append-field": "0.1.0",
        "busboy": "0.2.14",
        "concat-stream": "1.6.0",
        "mkdirp": "0.5.1",
        "object-assign": "3.0.0",
        "on-finished": "2.3.0",
        "type-is": "1.6.15",
        "xtend": "4.0.1"
      }
    },
    "native-promise-only": {
      "version": "0.8.1",
      "resolved": "http://registry.npm.taobao.org/native-promise-only/download/native-promise-only-0.8.1.tgz",
      "integrity": "sha1-IKMYwwy0X3H+et+/eyHJnBRy7xE="
    },
    "negotiator": {
      "version": "0.6.1",
      "resolved": "http://registry.npm.taobao.org/negotiator/download/negotiator-0.6.1.tgz",
      "integrity": "sha1-KzJxhOiZIQEXeyhWP7XnECrNDKk="
    },
    "object-assign": {
      "version": "3.0.0",
      "resolved": "http://registry.npm.taobao.org/object-assign/download/object-assign-3.0.0.tgz",
      "integrity": "sha1-m+3VygiXlJvKR+f/QIBi1Un1h/I="
    },
    "on-finished": {
      "version": "2.3.0",
      "resolved": "http://registry.npm.taobao.org/on-finished/download/on-finished-2.3.0.tgz",
      "integrity": "sha1-IPEzZIGwg811M3mSoWlxqi2QaUc=",
      "requires": {
        "ee-first": "1.1.1"
      }
    },
    "parseurl": {
      "version": "1.3.2",
      "resolved": "http://registry.npm.taobao.org/parseurl/download/parseurl-1.3.2.tgz",
      "integrity": "sha1-/CidTtiZMRlGDBViUyYs3I3mW/M="
    },
    "passport": {
      "version": "0.3.2",
      "resolved": "http://registry.npm.taobao.org/passport/download/passport-0.3.2.tgz",
      "integrity": "sha1-ndAJ+RXo/glbASSgG4+C2gdRAQI=",
      "requires": {
        "passport-strategy": "1.0.0",
        "pause": "0.0.1"
      }
    },
    "passport-jwt": {
      "version": "2.2.1",
      "resolved": "http://registry.npm.taobao.org/passport-jwt/download/passport-jwt-2.2.1.tgz",
      "integrity": "sha1-DgBMlAcTGdZz2dm8/RV0qGgBFSc=",
      "requires": {
        "jsonwebtoken": "7.4.3",
        "passport-strategy": "1.0.0"
      }
    },
    "passport-strategy": {
      "version": "1.0.0",
      "resolved": "http://registry.npm.taobao.org/passport-strategy/download/passport-strategy-1.0.0.tgz",
      "integrity": "sha1-tVOaqPwiWj0a0XlHbd8ja0QPUuQ="
    },
    "password": {
      "version": "0.1.1",
      "resolved": "http://registry.npm.taobao.org/password/download/password-0.1.1.tgz",
      "integrity": "sha1-wJ1J9qWTqDi87WvrOiE7Z3TaWIQ="
    },
    "path-loader": {
      "version": "1.0.4",
      "resolved": "http://registry.npm.taobao.org/path-loader/download/path-loader-1.0.4.tgz",
      "integrity": "sha1-EH3IsbfA9qihjndJva9GomwtmLQ=",
      "requires": {
        "native-promise-only": "0.8.1",
        "superagent": "3.8.2"
      },
      "dependencies": {
        "debug": {
          "version": "3.1.0",
          "resolved": "http://registry.npm.taobao.org/debug/download/debug-3.1.0.tgz",
          "integrity": "sha1-W7WgZyYotkFJVmuhaBnmFRjGcmE=",
          "requires": {
            "ms": "2.0.0"
          }
        },
        "superagent": {
          "version": "3.8.2",
          "resolved": "http://registry.npm.taobao.org/superagent/download/superagent-3.8.2.tgz",
          "integrity": "sha1-5KEbnQR/fT7+s7vlNtnsACHRZAM=",
          "requires": {
            "component-emitter": "1.2.1",
            "cookiejar": "2.1.1",
            "debug": "3.1.0",
            "extend": "3.0.1",
            "form-data": "2.3.1",
            "formidable": "1.1.1",
            "methods": "1.1.2",
            "mime": "1.4.1",
            "qs": "6.5.1",
            "readable-stream": "2.3.3"
          }
        }
      }
    },
    "path-to-regexp": {
      "version": "0.1.7",
      "resolved": "http://registry.npm.taobao.org/path-to-regexp/download/path-to-regexp-0.1.7.tgz",
      "integrity": "sha1-32BBeABfUi8V60SQ5yR6G/qmf4w="
    },
    "pause": {
      "version": "0.0.1",
      "resolved": "http://registry.npm.taobao.org/pause/download/pause-0.0.1.tgz",
      "integrity": "sha1-HUCLP9t2kjuVQ9lvtMnf1TXZy10="
    },
    "process-nextick-args": {
      "version": "1.0.7",
      "resolved": "http://registry.npm.taobao.org/process-nextick-args/download/process-nextick-args-1.0.7.tgz",
      "integrity": "sha1-FQ4gt1ZZCtP5EJPyWk8q2L/zC6M="
    },
    "proxy-addr": {
      "version": "2.0.2",
      "resolved": "http://registry.npm.taobao.org/proxy-addr/download/proxy-addr-2.0.2.tgz",
      "integrity": "sha1-ZXFQT0e7mI7IGAJT+F3X4UlSvew=",
      "requires": {
        "forwarded": "0.1.2",
        "ipaddr.js": "1.5.2"
      }
    },
    "punycode": {
      "version": "2.1.0",
      "resolved": "http://registry.npm.taobao.org/punycode/download/punycode-2.1.0.tgz",
      "integrity": "sha1-X4Y+3Im5bbCQdLrXlHvwkFbKTn0="
    },
    "qs": {
      "version": "6.5.1",
      "resolved": "http://registry.npm.taobao.org/qs/download/qs-6.5.1.tgz",
      "integrity": "sha1-NJzfbu+J7EXBLX1es/wMhwNDptg="
    },
    "range-parser": {
      "version": "1.2.0",
      "resolved": "http://registry.npm.taobao.org/range-parser/download/range-parser-1.2.0.tgz",
      "integrity": "sha1-9JvmtIeJTdxA3MlKMi9hEJLgDV4="
    },
    "raw-body": {
      "version": "2.3.2",
      "resolved": "http://registry.npm.taobao.org/raw-body/download/raw-body-2.3.2.tgz",
      "integrity": "sha1-vNYMd9Prk83gBQKVw/N5OJvIj4k=",
      "requires": {
        "bytes": "3.0.0",
        "http-errors": "1.6.2",
        "iconv-lite": "0.4.19",
        "unpipe": "1.0.0"
      }
    },
    "readable-stream": {
      "version": "2.3.3",
      "resolved": "http://registry.npm.taobao.org/readable-stream/download/readable-stream-2.3.3.tgz",
      "integrity": "sha1-No8lEtefnUb9/HE0mueHi7weuVw=",
      "requires": {
        "core-util-is": "1.0.2",
        "inherits": "2.0.3",
        "isarray": "1.0.0",
        "process-nextick-args": "1.0.7",
        "safe-buffer": "5.1.1",
        "string_decoder": "1.0.3",
        "util-deprecate": "1.0.2"
      }
    },
    "reduce-component": {
      "version": "1.0.1",
      "resolved": "http://registry.npm.taobao.org/reduce-component/download/reduce-component-1.0.1.tgz",
      "integrity": "sha1-4Mk1QsV0UhvqE98PlIjtgqt3xdo="
    },
    "safe-buffer": {
      "version": "5.1.1",
      "resolved": "http://registry.npm.taobao.org/safe-buffer/download/safe-buffer-5.1.1.tgz",
      "integrity": "sha1-iTMSr2myEj3vcfV4iQAWce6yyFM="
    },
    "send": {
      "version": "0.16.1",
      "resolved": "http://registry.npm.taobao.org/send/download/send-0.16.1.tgz",
      "integrity": "sha1-pw4coh0TgsEdDZ9iMd6ygQgNerM=",
      "requires": {
        "debug": "2.6.9",
        "depd": "1.1.1",
        "destroy": "1.0.4",
        "encodeurl": "1.0.1",
        "escape-html": "1.0.3",
        "etag": "1.8.1",
        "fresh": "0.5.2",
        "http-errors": "1.6.2",
        "mime": "1.4.1",
        "ms": "2.0.0",
        "on-finished": "2.3.0",
        "range-parser": "1.2.0",
        "statuses": "1.3.1"
      },
      "dependencies": {
        "statuses": {
          "version": "1.3.1",
          "resolved": "http://registry.npm.taobao.org/statuses/download/statuses-1.3.1.tgz",
          "integrity": "sha1-+vUbnrdKrvOzrPStX2Gr8ky3uT4="
        }
      }
    },
    "serve-static": {
      "version": "1.13.1",
      "resolved": "http://registry.npm.taobao.org/serve-static/download/serve-static-1.13.1.tgz",
      "integrity": "sha1-TFfVNASnYdjy58HooYpH2/J4pxk=",
      "requires": {
        "encodeurl": "1.0.1",
        "escape-html": "1.0.3",
        "parseurl": "1.3.2",
        "send": "0.16.1"
      }
    },
    "setprototypeof": {
      "version": "1.0.3",
      "resolved": "http://registry.npm.taobao.org/setprototypeof/download/setprototypeof-1.0.3.tgz",
      "integrity": "sha1-ZlZ+NwQ+608E2RvWWMDL77VbjgQ="
    },
    "slash": {
      "version": "1.0.0",
      "resolved": "http://registry.npm.taobao.org/slash/download/slash-1.0.0.tgz",
      "integrity": "sha1-xB8vbDn8FtHNF61LXYlhFK5HDVU="
    },
    "spark-md5": {
      "version": "1.0.1",
      "resolved": "http://registry.npm.taobao.org/spark-md5/download/spark-md5-1.0.1.tgz",
      "integrity": "sha1-xLmo1Bz3sIRUI6ghgk+N/6D1G3w="
    },
    "sprintf-js": {
      "version": "1.0.3",
      "resolved": "http://registry.npm.taobao.org/sprintf-js/download/sprintf-js-1.0.3.tgz",
      "integrity": "sha1-BOaSb2YolTVPPdAVIDYzuFcpfiw="
    },
    "statuses": {
      "version": "1.4.0",
      "resolved": "http://registry.npm.taobao.org/statuses/download/statuses-1.4.0.tgz",
      "integrity": "sha1-u3PURtonlhBu/MG2AaJT1sRr0Ic="
    },
    "streamsearch": {
      "version": "0.1.2",
      "resolved": "http://registry.npm.taobao.org/streamsearch/download/streamsearch-0.1.2.tgz",
      "integrity": "sha1-gIudDlb8Jz2Am6VzOOkpkZoanxo="
    },
    "string": {
      "version": "3.3.3",
      "resolved": "http://registry.npm.taobao.org/string/download/string-3.3.3.tgz",
      "integrity": "sha1-XqIRzZLSKOGEKUmQpsyXs2anfLA="
    },
    "string_decoder": {
      "version": "1.0.3",
      "resolved": "http://registry.npm.taobao.org/string_decoder/download/string_decoder-1.0.3.tgz",
      "integrity": "sha1-D8Z9fBQYJd6UKC3VNr7GubzoYKs=",
      "requires": {
        "safe-buffer": "5.1.1"
      }
    },
    "superagent": {
      "version": "1.8.5",
      "resolved": "http://registry.npm.taobao.org/superagent/download/superagent-1.8.5.tgz",
      "integrity": "sha1-HA3cOvMOgOuE68BcshItqP6UC1U=",
      "requires": {
        "component-emitter": "1.2.1",
        "cookiejar": "2.0.6",
        "debug": "2.6.9",
        "extend": "3.0.0",
        "form-data": "1.0.0-rc3",
        "formidable": "1.0.17",
        "methods": "1.1.2",
        "mime": "1.3.4",
        "qs": "2.3.3",
        "readable-stream": "1.0.27-1",
        "reduce-component": "1.0.1"
      },
      "dependencies": {
        "cookiejar": {
          "version": "2.0.6",
          "resolved": "http://registry.npm.taobao.org/cookiejar/download/cookiejar-2.0.6.tgz",
          "integrity": "sha1-Cr81atANHFohnYjURRgEbdAmrP4="
        },
        "extend": {
          "version": "3.0.0",
          "resolved": "http://registry.npm.taobao.org/extend/download/extend-3.0.0.tgz",
          "integrity": "sha1-WkdDU7nzNT3dgXbf03uRyDpG8dQ="
        },
        "form-data": {
          "version": "1.0.0-rc3",
          "resolved": "http://registry.npm.taobao.org/form-data/download/form-data-1.0.0-rc3.tgz",
          "integrity": "sha1-01vGLn+8KTeuePlIqqDTjZBgdXc=",
          "requires": {
            "async": "1.5.2",
            "combined-stream": "1.0.5",
            "mime-types": "2.1.17"
          }
        },
        "formidable": {
          "version": "1.0.17",
          "resolved": "http://registry.npm.taobao.org/formidable/download/formidable-1.0.17.tgz",
          "integrity": "sha1-71SRSQ+UM7cF+qdyScmQKa40hVk="
        },
        "isarray": {
          "version": "0.0.1",
          "resolved": "http://registry.npm.taobao.org/isarray/download/isarray-0.0.1.tgz",
          "integrity": "sha1-ihis/Kmo9Bd+Cav8YDiTmwXR7t8="
        },
        "mime": {
          "version": "1.3.4",
          "resolved": "http://registry.npm.taobao.org/mime/download/mime-1.3.4.tgz",
          "integrity": "sha1-EV+eO2s9rylZmDyzjxSaLUDrXVM="
        },
        "qs": {
          "version": "2.3.3",
          "resolved": "http://registry.npm.taobao.org/qs/download/qs-2.3.3.tgz",
          "integrity": "sha1-6eha2+ddoLvkyOBHaghikPhjtAQ="
        },
        "readable-stream": {
          "version": "1.0.27-1",
          "resolved": "http://registry.npm.taobao.org/readable-stream/download/readable-stream-1.0.27-1.tgz",
          "integrity": "sha1-a2eYPCA1fO/QfwFlABoW1xDZEHg=",
          "requires": {
            "core-util-is": "1.0.2",
            "inherits": "2.0.3",
            "isarray": "0.0.1",
            "string_decoder": "0.10.31"
          }
        },
        "string_decoder": {
          "version": "0.10.31",
          "resolved": "http://registry.npm.taobao.org/string_decoder/download/string_decoder-0.10.31.tgz",
          "integrity": "sha1-YuIDvEF2bGwoyfyEMB2rHFMQ+pQ="
        }
      }
    },
    "swagger-converter": {
      "version": "0.1.7",
      "resolved": "http://registry.npm.taobao.org/swagger-converter/download/swagger-converter-0.1.7.tgz",
      "integrity": "sha1-oJdRnG8e5N1n4wjZtT3cnCslf5c=",
      "requires": {
        "lodash.clonedeep": "2.4.1"
      }
    },
    "swagger-tools": {
      "version": "0.10.1",
      "resolved": "http://registry.npm.taobao.org/swagger-tools/download/swagger-tools-0.10.1.tgz",
      "integrity": "sha1-pFWyV5mOzyDeW06Zvc8acJqw/tw=",
      "requires": {
        "async": "1.5.2",
        "body-parser": "1.12.4",
        "commander": "2.12.2",
        "debug": "2.6.9",
        "js-yaml": "3.10.0",
        "json-refs": "2.1.7",
        "lodash-compat": "3.10.2",
        "multer": "1.3.0",
        "parseurl": "1.3.2",
        "path-to-regexp": "1.7.0",
        "qs": "4.0.0",
        "serve-static": "1.13.1",
        "spark-md5": "1.0.1",
        "string": "3.3.3",
        "superagent": "1.8.5",
        "swagger-converter": "0.1.7",
        "traverse": "0.6.6",
        "z-schema": "3.19.0"
      },
      "dependencies": {
        "body-parser": {
          "version": "1.12.4",
          "resolved": "http://registry.npm.taobao.org/body-parser/download/body-parser-1.12.4.tgz",
          "integrity": "sha1-CQcAxLoohiqFIO83g5X97l9hwik=",
          "requires": {
            "bytes": "1.0.0",
            "content-type": "1.0.4",
            "debug": "2.2.0",
            "depd": "1.0.1",
            "iconv-lite": "0.4.8",
            "on-finished": "2.2.1",
            "qs": "2.4.2",
            "raw-body": "2.0.2",
            "type-is": "1.6.15"
          },
          "dependencies": {
            "debug": {
              "version": "2.2.0",
              "resolved": "http://registry.npm.taobao.org/debug/download/debug-2.2.0.tgz",
              "integrity": "sha1-+HBX6ZWxofauaklgZkE3vFbwOdo=",
              "requires": {
                "ms": "0.7.1"
              }
            },
            "qs": {
              "version": "2.4.2",
              "resolved": "http://registry.npm.taobao.org/qs/download/qs-2.4.2.tgz",
              "integrity": "sha1-9854jld33wtQENp/fE5zujJHD1o="
            }
          }
        },
        "bytes": {
          "version": "1.0.0",
          "resolved": "http://registry.npm.taobao.org/bytes/download/bytes-1.0.0.tgz",
          "integrity": "sha1-NWnt6Lo0MV+rmcPpLLBMciDeH6g="
        },
        "depd": {
          "version": "1.0.1",
          "resolved": "http://registry.npm.taobao.org/depd/download/depd-1.0.1.tgz",
          "integrity": "sha1-gK7GTJ1tl+ZcwqnKqTwKpqv3Oqo="
        },
        "ee-first": {
          "version": "1.1.0",
          "resolved": "http://registry.npm.taobao.org/ee-first/download/ee-first-1.1.0.tgz",
          "integrity": "sha1-ag18YiHkkP7v2S7D9EHJzozQl/Q="
        },
        "iconv-lite": {
          "version": "0.4.8",
          "resolved": "http://registry.npm.taobao.org/iconv-lite/download/iconv-lite-0.4.8.tgz",
          "integrity": "sha1-xgGadZXyzvynAuq2lKAQvNkpjSA="
        },
        "isarray": {
          "version": "0.0.1",
          "resolved": "http://registry.npm.taobao.org/isarray/download/isarray-0.0.1.tgz",
          "integrity": "sha1-ihis/Kmo9Bd+Cav8YDiTmwXR7t8="
        },
        "ms": {
          "version": "0.7.1",
          "resolved": "http://registry.npm.taobao.org/ms/download/ms-0.7.1.tgz",
          "integrity": "sha1-nNE8A62/8ltl7/3nzoZO6VIBcJg="
        },
        "on-finished": {
          "version": "2.2.1",
          "resolved": "http://registry.npm.taobao.org/on-finished/download/on-finished-2.2.1.tgz",
          "integrity": "sha1-XIXBzDYpn3gCllP2Z/J7a5nrwCk=",
          "requires": {
            "ee-first": "1.1.0"
          }
        },
        "path-to-regexp": {
          "version": "1.7.0",
          "resolved": "http://registry.npm.taobao.org/path-to-regexp/download/path-to-regexp-1.7.0.tgz",
          "integrity": "sha1-Wf3g9DW62suhA6hOnTvGTpa5k30=",
          "requires": {
            "isarray": "0.0.1"
          }
        },
        "qs": {
          "version": "4.0.0",
          "resolved": "http://registry.npm.taobao.org/qs/download/qs-4.0.0.tgz",
          "integrity": "sha1-wx2bdOwn33XlQ6hseHKO2NRiNgc="
        },
        "raw-body": {
          "version": "2.0.2",
          "resolved": "http://registry.npm.taobao.org/raw-body/download/raw-body-2.0.2.tgz",
          "integrity": "sha1-osL5jIUxzumcY9jSOLfel7tln8o=",
          "requires": {
            "bytes": "2.1.0",
            "iconv-lite": "0.4.8"
          },
          "dependencies": {
            "bytes": {
              "version": "2.1.0",
              "resolved": "http://registry.npm.taobao.org/bytes/download/bytes-2.1.0.tgz",
              "integrity": "sha1-rJPEEOL/ycx89LRks4KJBn9eR7Q="
            }
          }
        }
      }
    },
    "topo": {
      "version": "1.1.0",
      "resolved": "http://registry.npm.taobao.org/topo/download/topo-1.1.0.tgz",
      "integrity": "sha1-6ddRYV0buH3IZdsYL6HKCl71NtU=",
      "requires": {
        "hoek": "2.16.3"
      }
    },
    "traverse": {
      "version": "0.6.6",
      "resolved": "http://registry.npm.taobao.org/traverse/download/traverse-0.6.6.tgz",
      "integrity": "sha1-y99WD9e5r2MlAv7UD5GMFX6pcTc="
    },
    "type-is": {
      "version": "1.6.15",
      "resolved": "http://registry.npm.taobao.org/type-is/download/type-is-1.6.15.tgz",
      "integrity": "sha1-yrEPtJCeRByChC6v4a1kbIGARBA=",
      "requires": {
        "media-typer": "0.3.0",
        "mime-types": "2.1.17"
      }
    },
    "typedarray": {
      "version": "0.0.6",
      "resolved": "http://registry.npm.taobao.org/typedarray/download/typedarray-0.0.6.tgz",
      "integrity": "sha1-hnrHTjhkGHsdPUfZlqeOxciDB3c="
    },
    "unpipe": {
      "version": "1.0.0",
      "resolved": "http://registry.npm.taobao.org/unpipe/download/unpipe-1.0.0.tgz",
      "integrity": "sha1-sr9O6FFKrmFltIF4KdIbLvSZBOw="
    },
    "uri-js": {
      "version": "3.0.2",
      "resolved": "http://registry.npm.taobao.org/uri-js/download/uri-js-3.0.2.tgz",
      "integrity": "sha1-+QuFhQf4HepNz7s8TD2/orVX+qo=",
      "requires": {
        "punycode": "2.1.0"
      }
    },
    "util-deprecate": {
      "version": "1.0.2",
      "resolved": "http://registry.npm.taobao.org/util-deprecate/download/util-deprecate-1.0.2.tgz",
      "integrity": "sha1-RQ1Nyfpw3nMnYvvS1KKJgUGaDM8="
    },
    "utils-merge": {
      "version": "1.0.1",
      "resolved": "http://registry.npm.taobao.org/utils-merge/download/utils-merge-1.0.1.tgz",
      "integrity": "sha1-n5VxD1CiZ5R7LMwSR0HBAoQn5xM="
    },
    "validator": {
      "version": "9.2.0",
      "resolved": "http://registry.npm.taobao.org/validator/download/validator-9.2.0.tgz",
      "integrity": "sha1-rSFu7V83ysMab+AM6rH2uIve0D4="
    },
    "vary": {
      "version": "1.1.2",
      "resolved": "http://registry.npm.taobao.org/vary/download/vary-1.1.2.tgz",
      "integrity": "sha1-IpnwLG3tMNSllhsLn3RSShj2NPw="
    },
    "xtend": {
      "version": "4.0.1",
      "resolved": "http://registry.npm.taobao.org/xtend/download/xtend-4.0.1.tgz",
      "integrity": "sha1-pcbVMr5lbiPbgg77lDofBJmNY68="
    },
    "z-schema": {
      "version": "3.19.0",
      "resolved": "http://registry.npm.taobao.org/z-schema/download/z-schema-3.19.0.tgz",
      "integrity": "sha1-2G6Q5dAhE8e4gkrkd91XII0Xpag=",
      "requires": {
        "commander": "2.12.2",
        "lodash.get": "4.4.2",
        "lodash.isequal": "4.5.0",
        "validator": "9.2.0"
      }
    }
  }
}
